
Microsoft Visual Studio Solution File, Format Version 12.00
# Visual Studio Version 16
VisualStudioVersion = 16.0.31025.194
MinimumVisualStudioVersion = 10.0.40219.1
Project("{9A19103F-16F7-4668-BE54-9A1E7A4F7556}") = "PDFCreator", "PDFCreator\PDFCreator.csproj", "{7E916595-23FB-4386-A903-83A040BD552C}"
EndProject
Project("{FAE04EC0-301F-11D3-BF4B-00C04F79EFBC}") = "ConsoleApp1", "ConsoleApp1\ConsoleApp1.csproj", "{51273C87-A636-4123-8C36-BE58E2B047D2}"
EndProject
Global
	GlobalSection(SolutionConfigurationPlatforms) = preSolution
		Debug|Any CPU = Debug|Any CPU
		Release|Any CPU = Release|Any CPU
	EndGlobalSection
	GlobalSection(ProjectConfigurationPlatforms) = postSolution
		{7E916595-23FB-4386-A903-83A040BD552C}.Debug|Any CPU.ActiveCfg = Debug|Any CPU
		{7E916595-23FB-4386-A903-83A040BD552C}.Debug|Any CPU.Build.0 = Debug|Any CPU
		{7E916595-23FB-4386-A903-83A040BD552C}.Release|Any CPU.ActiveCfg = Release|Any CPU
		{7E916595-23FB-4386-A903-83A040BD552C}.Release|Any CPU.Build.0 = Release|Any CPU
		{51273C87-A636-4123-8C36-BE58E2B047D2}.Debug|Any CPU.ActiveCfg = Debug|Any CPU
		{51273C87-A636-4123-8C36-BE58E2B047D2}.Debug|Any CPU.Build.0 = Debug|Any CPU
		{51273C87-A636-4123-8C36-BE58E2B047D2}.Release|Any CPU.ActiveCfg = Release|Any CPU
		{51273C87-A636-4123-8C36-BE58E2B047D2}.Release|Any CPU.Build.0 = Release|Any CPU
	EndGlobalSection
	GlobalSection(SolutionProperties) = preSolution
		HideSolutionNode = FALSE
	EndGlobalSection
	GlobalSection(ExtensibilityGlobals) = postSolution
		SolutionGuid = {5E31FF8C-9625-44E7-BA61-EE165D5A6846}
	EndGlobalSection
EndGlobal
